
Microsoft Visual Studio Solution File, Format Version 12.00
# Visual Studio Version 17
VisualStudioVersion = 17.0.31903.59
MinimumVisualStudioVersion = 10.0.40219.1
Project("{FAE04EC0-301F-11D3-BF4B-00C04F79EFBC}") = "BugTracker.Domain", "BugTracker.Domain\BugTracker.Domain.csproj", "{757FC496-F0BE-4B14-84CF-9C7193BEA8C6}"
EndProject
Project("{FAE04EC0-301F-11D3-BF4B-00C04F79EFBC}") = "BugTracker.Application", "BugTracker.Application\BugTracker.Application.csproj", "{EC36D3F8-DDC6-46BF-8A59-FD25C32550C6}"
EndProject
Project("{FAE04EC0-301F-11D3-BF4B-00C04F79EFBC}") = "BugTracker.Infrastructure", "BugTracker.Infrastructure\BugTracker.Infrastructure.csproj", "{D1086E85-2F03-4678-BA6B-A2CF6140BAB1}"
EndProject
Project("{FAE04EC0-301F-11D3-BF4B-00C04F79EFBC}") = "BugTracker.WebAPI", "BugTracker.WebAPI\BugTracker.WebAPI.csproj", "{ADBA6FEA-A4B6-4F82-9F3F-DB4DE1E6B05A}"
EndProject
Project("{FAE04EC0-301F-11D3-BF4B-00C04F79EFBC}") = "BugTracker.Tests", "BugTracker.Tests\BugTracker.Tests.csproj", "{7DFECBFB-2A06-4B2C-852E-4BC8F2479202}"
EndProject
Project("{2150E333-8FDC-42A3-9474-1A3956D46DE8}") = "Solution Items", "Solution Items", "{8EC462FD-D22E-90A8-E5CE-7E832BA40C5D}"
	ProjectSection(SolutionItems) = preProject
		.env = .env
		.gitignore = .gitignore
		docker-compose.yml = docker-compose.yml
		README.md = README.md
	EndProjectSection
EndProject
Global
	GlobalSection(SolutionConfigurationPlatforms) = preSolution
		Debug|Any CPU = Debug|Any CPU
		Debug|x64 = Debug|x64
		Debug|x86 = Debug|x86
		Release|Any CPU = Release|Any CPU
		Release|x64 = Release|x64
		Release|x86 = Release|x86
	EndGlobalSection
	GlobalSection(ProjectConfigurationPlatforms) = postSolution
		{757FC496-F0BE-4B14-84CF-9C7193BEA8C6}.Debug|Any CPU.ActiveCfg = Debug|Any CPU
		{757FC496-F0BE-4B14-84CF-9C7193BEA8C6}.Debug|Any CPU.Build.0 = Debug|Any CPU
		{757FC496-F0BE-4B14-84CF-9C7193BEA8C6}.Debug|x64.ActiveCfg = Debug|Any CPU
		{757FC496-F0BE-4B14-84CF-9C7193BEA8C6}.Debug|x64.Build.0 = Debug|Any CPU
		{757FC496-F0BE-4B14-84CF-9C7193BEA8C6}.Debug|x86.ActiveCfg = Debug|Any CPU
		{757FC496-F0BE-4B14-84CF-9C7193BEA8C6}.Debug|x86.Build.0 = Debug|Any CPU
		{757FC496-F0BE-4B14-84CF-9C7193BEA8C6}.Release|Any CPU.ActiveCfg = Release|Any CPU
		{757FC496-F0BE-4B14-84CF-9C7193BEA8C6}.Release|Any CPU.Build.0 = Release|Any CPU
		{757FC496-F0BE-4B14-84CF-9C7193BEA8C6}.Release|x64.ActiveCfg = Release|Any CPU
		{757FC496-F0BE-4B14-84CF-9C7193BEA8C6}.Release|x64.Build.0 = Release|Any CPU
		{757FC496-F0BE-4B14-84CF-9C7193BEA8C6}.Release|x86.ActiveCfg = Release|Any CPU
		{757FC496-F0BE-4B14-84CF-9C7193BEA8C6}.Release|x86.Build.0 = Release|Any CPU
		{EC36D3F8-DDC6-46BF-8A59-FD25C32550C6}.Debug|Any CPU.ActiveCfg = Debug|Any CPU
		{EC36D3F8-DDC6-46BF-8A59-FD25C32550C6}.Debug|Any CPU.Build.0 = Debug|Any CPU
		{EC36D3F8-DDC6-46BF-8A59-FD25C32550C6}.Debug|x64.ActiveCfg = Debug|Any CPU
		{EC36D3F8-DDC6-46BF-8A59-FD25C32550C6}.Debug|x64.Build.0 = Debug|Any CPU
		{EC36D3F8-DDC6-46BF-8A59-FD25C32550C6}.Debug|x86.ActiveCfg = Debug|Any CPU
		{EC36D3F8-DDC6-46BF-8A59-FD25C32550C6}.Debug|x86.Build.0 = Debug|Any CPU
		{EC36D3F8-DDC6-46BF-8A59-FD25C32550C6}.Release|Any CPU.ActiveCfg = Release|Any CPU
		{EC36D3F8-DDC6-46BF-8A59-FD25C32550C6}.Release|Any CPU.Build.0 = Release|Any CPU
		{EC36D3F8-DDC6-46BF-8A59-FD25C32550C6}.Release|x64.ActiveCfg = Release|Any CPU
		{EC36D3F8-DDC6-46BF-8A59-FD25C32550C6}.Release|x64.Build.0 = Release|Any CPU
		{EC36D3F8-DDC6-46BF-8A59-FD25C32550C6}.Release|x86.ActiveCfg = Release|Any CPU
		{EC36D3F8-DDC6-46BF-8A59-FD25C32550C6}.Release|x86.Build.0 = Release|Any CPU
		{D1086E85-2F03-4678-BA6B-A2CF6140BAB1}.Debug|Any CPU.ActiveCfg = Debug|Any CPU
		{D1086E85-2F03-4678-BA6B-A2CF6140BAB1}.Debug|Any CPU.Build.0 = Debug|Any CPU
		{D1086E85-2F03-4678-BA6B-A2CF6140BAB1}.Debug|x64.ActiveCfg = Debug|Any CPU
		{D1086E85-2F03-4678-BA6B-A2CF6140BAB1}.Debug|x64.Build.0 = Debug|Any CPU
		{D1086E85-2F03-4678-BA6B-A2CF6140BAB1}.Debug|x86.ActiveCfg = Debug|Any CPU
		{D1086E85-2F03-4678-BA6B-A2CF6140BAB1}.Debug|x86.Build.0 = Debug|Any CPU
		{D1086E85-2F03-4678-BA6B-A2CF6140BAB1}.Release|Any CPU.ActiveCfg = Release|Any CPU
		{D1086E85-2F03-4678-BA6B-A2CF6140BAB1}.Release|Any CPU.Build.0 = Release|Any CPU
		{D1086E85-2F03-4678-BA6B-A2CF6140BAB1}.Release|x64.ActiveCfg = Release|Any CPU
		{D1086E85-2F03-4678-BA6B-A2CF6140BAB1}.Release|x64.Build.0 = Release|Any CPU
		{D1086E85-2F03-4678-BA6B-A2CF6140BAB1}.Release|x86.ActiveCfg = Release|Any CPU
		{D1086E85-2F03-4678-BA6B-A2CF6140BAB1}.Release|x86.Build.0 = Release|Any CPU
		{ADBA6FEA-A4B6-4F82-9F3F-DB4DE1E6B05A}.Debug|Any CPU.ActiveCfg = Debug|Any CPU
		{ADBA6FEA-A4B6-4F82-9F3F-DB4DE1E6B05A}.Debug|Any CPU.Build.0 = Debug|Any CPU
		{ADBA6FEA-A4B6-4F82-9F3F-DB4DE1E6B05A}.Debug|x64.ActiveCfg = Debug|Any CPU
		{ADBA6FEA-A4B6-4F82-9F3F-DB4DE1E6B05A}.Debug|x64.Build.0 = Debug|Any CPU
		{ADBA6FEA-A4B6-4F82-9F3F-DB4DE1E6B05A}.Debug|x86.ActiveCfg = Debug|Any CPU
		{ADBA6FEA-A4B6-4F82-9F3F-DB4DE1E6B05A}.Debug|x86.Build.0 = Debug|Any CPU
		{ADBA6FEA-A4B6-4F82-9F3F-DB4DE1E6B05A}.Release|Any CPU.ActiveCfg = Release|Any CPU
		{ADBA6FEA-A4B6-4F82-9F3F-DB4DE1E6B05A}.Release|Any CPU.Build.0 = Release|Any CPU
		{ADBA6FEA-A4B6-4F82-9F3F-DB4DE1E6B05A}.Release|x64.ActiveCfg = Release|Any CPU
		{ADBA6FEA-A4B6-4F82-9F3F-DB4DE1E6B05A}.Release|x64.Build.0 = Release|Any CPU
		{ADBA6FEA-A4B6-4F82-9F3F-DB4DE1E6B05A}.Release|x86.ActiveCfg = Release|Any CPU
		{ADBA6FEA-A4B6-4F82-9F3F-DB4DE1E6B05A}.Release|x86.Build.0 = Release|Any CPU
		{7DFECBFB-2A06-4B2C-852E-4BC8F2479202}.Debug|Any CPU.ActiveCfg = Debug|Any CPU
		{7DFECBFB-2A06-4B2C-852E-4BC8F2479202}.Debug|Any CPU.Build.0 = Debug|Any CPU
		{7DFECBFB-2A06-4B2C-852E-4BC8F2479202}.Debug|x64.ActiveCfg = Debug|Any CPU
		{7DFECBFB-2A06-4B2C-852E-4BC8F2479202}.Debug|x64.Build.0 = Debug|Any CPU
		{7DFECBFB-2A06-4B2C-852E-4BC8F2479202}.Debug|x86.ActiveCfg = Debug|Any CPU
		{7DFECBFB-2A06-4B2C-852E-4BC8F2479202}.Debug|x86.Build.0 = Debug|Any CPU
		{7DFECBFB-2A06-4B2C-852E-4BC8F2479202}.Release|Any CPU.ActiveCfg = Release|Any CPU
		{7DFECBFB-2A06-4B2C-852E-4BC8F2479202}.Release|Any CPU.Build.0 = Release|Any CPU
		{7DFECBFB-2A06-4B2C-852E-4BC8F2479202}.Release|x64.ActiveCfg = Release|Any CPU
		{7DFECBFB-2A06-4B2C-852E-4BC8F2479202}.Release|x64.Build.0 = Release|Any CPU
		{7DFECBFB-2A06-4B2C-852E-4BC8F2479202}.Release|x86.ActiveCfg = Release|Any CPU
		{7DFECBFB-2A06-4B2C-852E-4BC8F2479202}.Release|x86.Build.0 = Release|Any CPU
	EndGlobalSection
	GlobalSection(SolutionProperties) = preSolution
		HideSolutionNode = FALSE
	EndGlobalSection
	GlobalSection(ExtensibilityGlobals) = postSolution
		SolutionGuid = {1109BA89-8287-49C0-B1C9-C16695E81677}
	EndGlobalSection
EndGlobal
